# generated by rye
# use `rye lock` or `rye sync` to update this lockfile
#
# last locked with the following flags:
#   pre: false
#   features: []
#   all-features: false
#   with-sources: false
#   generate-hashes: false
#   universal: false

-e file:.
certifi==2024.12.14
    # via requests
charset-normalizer==3.4.1
    # via requests
idna==3.10
    # via requests
keyboard==0.13.5
    # via lockerai-edge
lefthook==1.10.3
mypy==1.14.1
mypy-extensions==1.0.0
    # via mypy
python-dotenv==1.0.1
    # via lockerai-edge
requests==2.32.3
    # via lockerai-edge
rpi-gpio==0.7.1
    # via lockerai-edge
ruff==0.9.1
types-requests==2.32.0.20241016
    # via lockerai-edge
typing-extensions==4.12.2
    # via mypy
urllib3==2.3.0
    # via requests
    # via types-requests
